
Microsoft Visual Studio Solution File, Format Version 12.00
# Visual Studio Version 16
VisualStudioVersion = 16.0.29613.14
MinimumVisualStudioVersion = 10.0.40219.1
Project("{9A19103F-16F7-4668-BE54-9A1E7A4F7556}") = "ODK.Deploy.Services", "ODK.Deploy.Services\ODK.Deploy.Services.csproj", "{797AF377-5B2F-468E-BCDD-F05A75F0E81C}"
EndProject
Project("{9A19103F-16F7-4668-BE54-9A1E7A4F7556}") = "ODK.Deploy.Web.Mvc", "ODK.Deploy.Web.Mvc\ODK.Deploy.Web.Mvc.csproj", "{B0B3C322-A37C-4C02-B3EC-571E6AF69575}"
EndProject
Project("{FAE04EC0-301F-11D3-BF4B-00C04F79EFBC}") = "ODK.Deploy.Core", "ODK.Deploy.Core\ODK.Deploy.Core.csproj", "{10831D54-8AEF-458F-AE59-E252E2E40570}"
EndProject
Project("{FAE04EC0-301F-11D3-BF4B-00C04F79EFBC}") = "ODK.Deploy.Data", "ODK.Deploy.Data\ODK.Deploy.Data.csproj", "{741D69CB-8569-46DB-99A2-1169D6F5EA40}"
EndProject
Global
	GlobalSection(SolutionConfigurationPlatforms) = preSolution
		Debug|Any CPU = Debug|Any CPU
		Release|Any CPU = Release|Any CPU
	EndGlobalSection
	GlobalSection(ProjectConfigurationPlatforms) = postSolution
		{797AF377-5B2F-468E-BCDD-F05A75F0E81C}.Debug|Any CPU.ActiveCfg = Debug|Any CPU
		{797AF377-5B2F-468E-BCDD-F05A75F0E81C}.Debug|Any CPU.Build.0 = Debug|Any CPU
		{797AF377-5B2F-468E-BCDD-F05A75F0E81C}.Release|Any CPU.ActiveCfg = Release|Any CPU
		{797AF377-5B2F-468E-BCDD-F05A75F0E81C}.Release|Any CPU.Build.0 = Release|Any CPU
		{B0B3C322-A37C-4C02-B3EC-571E6AF69575}.Debug|Any CPU.ActiveCfg = Debug|Any CPU
		{B0B3C322-A37C-4C02-B3EC-571E6AF69575}.Debug|Any CPU.Build.0 = Debug|Any CPU
		{B0B3C322-A37C-4C02-B3EC-571E6AF69575}.Release|Any CPU.ActiveCfg = Release|Any CPU
		{B0B3C322-A37C-4C02-B3EC-571E6AF69575}.Release|Any CPU.Build.0 = Release|Any CPU
		{10831D54-8AEF-458F-AE59-E252E2E40570}.Debug|Any CPU.ActiveCfg = Debug|Any CPU
		{10831D54-8AEF-458F-AE59-E252E2E40570}.Debug|Any CPU.Build.0 = Debug|Any CPU
		{10831D54-8AEF-458F-AE59-E252E2E40570}.Release|Any CPU.ActiveCfg = Release|Any CPU
		{10831D54-8AEF-458F-AE59-E252E2E40570}.Release|Any CPU.Build.0 = Release|Any CPU
		{741D69CB-8569-46DB-99A2-1169D6F5EA40}.Debug|Any CPU.ActiveCfg = Debug|Any CPU
		{741D69CB-8569-46DB-99A2-1169D6F5EA40}.Debug|Any CPU.Build.0 = Debug|Any CPU
		{741D69CB-8569-46DB-99A2-1169D6F5EA40}.Release|Any CPU.ActiveCfg = Release|Any CPU
		{741D69CB-8569-46DB-99A2-1169D6F5EA40}.Release|Any CPU.Build.0 = Release|Any CPU
	EndGlobalSection
	GlobalSection(SolutionProperties) = preSolution
		HideSolutionNode = FALSE
	EndGlobalSection
	GlobalSection(ExtensibilityGlobals) = postSolution
		SolutionGuid = {6D901716-DB2C-43DD-AEC3-F22F6360402E}
	EndGlobalSection
EndGlobal
